
Microsoft Visual Studio Solution File, Format Version 12.00
# Visual Studio 15
VisualStudioVersion = 15.0.27004.2005
MinimumVisualStudioVersion = 10.0.40219.1
Project("{9A19103F-16F7-4668-BE54-9A1E7A4F7556}") = "01. Sum Matrix Elements", "1. Sum Matrix Elements\01. Sum Matrix Elements.csproj", "{26358742-E845-4EDD-8AAA-7CECD6D286D8}"
EndProject
Project("{9A19103F-16F7-4668-BE54-9A1E7A4F7556}") = "02. Square With Maximum Sum", "02. Square With Maximum Sum\02. Square With Maximum Sum.csproj", "{1A510907-923D-45DA-97CB-EE9239BE3766}"
EndProject
Project("{FAE04EC0-301F-11D3-BF4B-00C04F79EFBC}") = "03.Group Numbers", "03.Group Numbers\03.Group Numbers.csproj", "{86B9FD50-1990-43F2-B07E-5F14A1BFA07E}"
EndProject
Project("{FAE04EC0-301F-11D3-BF4B-00C04F79EFBC}") = "4. Pascal Triangle", "4. Pascal Triangle\4. Pascal Triangle.csproj", "{9DF5F494-0BB6-43C8-946C-55D0ADD08FA3}"
EndProject
Global
	GlobalSection(SolutionConfigurationPlatforms) = preSolution
		Debug|Any CPU = Debug|Any CPU
		Release|Any CPU = Release|Any CPU
	EndGlobalSection
	GlobalSection(ProjectConfigurationPlatforms) = postSolution
		{26358742-E845-4EDD-8AAA-7CECD6D286D8}.Debug|Any CPU.ActiveCfg = Debug|Any CPU
		{26358742-E845-4EDD-8AAA-7CECD6D286D8}.Debug|Any CPU.Build.0 = Debug|Any CPU
		{26358742-E845-4EDD-8AAA-7CECD6D286D8}.Release|Any CPU.ActiveCfg = Release|Any CPU
		{26358742-E845-4EDD-8AAA-7CECD6D286D8}.Release|Any CPU.Build.0 = Release|Any CPU
		{1A510907-923D-45DA-97CB-EE9239BE3766}.Debug|Any CPU.ActiveCfg = Debug|Any CPU
		{1A510907-923D-45DA-97CB-EE9239BE3766}.Debug|Any CPU.Build.0 = Debug|Any CPU
		{1A510907-923D-45DA-97CB-EE9239BE3766}.Release|Any CPU.ActiveCfg = Release|Any CPU
		{1A510907-923D-45DA-97CB-EE9239BE3766}.Release|Any CPU.Build.0 = Release|Any CPU
		{86B9FD50-1990-43F2-B07E-5F14A1BFA07E}.Debug|Any CPU.ActiveCfg = Debug|Any CPU
		{86B9FD50-1990-43F2-B07E-5F14A1BFA07E}.Debug|Any CPU.Build.0 = Debug|Any CPU
		{86B9FD50-1990-43F2-B07E-5F14A1BFA07E}.Release|Any CPU.ActiveCfg = Release|Any CPU
		{86B9FD50-1990-43F2-B07E-5F14A1BFA07E}.Release|Any CPU.Build.0 = Release|Any CPU
		{9DF5F494-0BB6-43C8-946C-55D0ADD08FA3}.Debug|Any CPU.ActiveCfg = Debug|Any CPU
		{9DF5F494-0BB6-43C8-946C-55D0ADD08FA3}.Debug|Any CPU.Build.0 = Debug|Any CPU
		{9DF5F494-0BB6-43C8-946C-55D0ADD08FA3}.Release|Any CPU.ActiveCfg = Release|Any CPU
		{9DF5F494-0BB6-43C8-946C-55D0ADD08FA3}.Release|Any CPU.Build.0 = Release|Any CPU
	EndGlobalSection
	GlobalSection(SolutionProperties) = preSolution
		HideSolutionNode = FALSE
	EndGlobalSection
	GlobalSection(ExtensibilityGlobals) = postSolution
		SolutionGuid = {A824BD34-EE28-4EA6-A2E9-EE093E8E0116}
	EndGlobalSection
EndGlobal
